// !$*UTF8*$!
{
	archiveVersion = 1;
	classes = {
	};
	objectVersion = 55;
	objects = {

/* Begin PBXBuildFile section */
		6E49022B27C93E3D0008F177 /* Weather.swift in Sources */ = {isa = PBXBuildFile; fileRef = 6E49022A27C93E3D0008F177 /* Weather.swift */; };
		6EE1673527C4B5A900444699 /* AppDelegate.swift in Sources */ = {isa = PBXBuildFile; fileRef = 6EE1673427C4B5A900444699 /* AppDelegate.swift */; };
		6EE1673727C4B5A900444699 /* SceneDelegate.swift in Sources */ = {isa = PBXBuildFile; fileRef = 6EE1673627C4B5A900444699 /* SceneDelegate.swift */; };
		6EE1673927C4B5A900444699 /* ViewController.swift in Sources */ = {isa = PBXBuildFile; fileRef = 6EE1673827C4B5A900444699 /* ViewController.swift */; };
		6EE1673C27C4B5A900444699 /* Main.storyboard in Resources */ = {isa = PBXBuildFile; fileRef = 6EE1673A27C4B5A900444699 /* Main.storyboard */; };
		6EE1673F27C4B5A900444699 /* MyWeatherAppDemo.xcdatamodeld in Sources */ = {isa = PBXBuildFile; fileRef = 6EE1673D27C4B5A900444699 /* MyWeatherAppDemo.xcdatamodeld */; };
		6EE1674127C4B5AB00444699 /* Assets.xcassets in Resources */ = {isa = PBXBuildFile; fileRef = 6EE1674027C4B5AB00444699 /* Assets.xcassets */; };
		6EE1674427C4B5AB00444699 /* LaunchScreen.storyboard in Resources */ = {isa = PBXBuildFile; fileRef = 6EE1674227C4B5AB00444699 /* LaunchScreen.storyboard */; };
		6EE1674F27C4B5AC00444699 /* MyWeatherAppDemoTests.swift in Sources */ = {isa = PBXBuildFile; fileRef = 6EE1674E27C4B5AC00444699 /* MyWeatherAppDemoTests.swift */; };
		6EE1675927C4B5AC00444699 /* MyWeatherAppDemoUITests.swift in Sources */ = {isa = PBXBuildFile; fileRef = 6EE1675827C4B5AC00444699 /* MyWeatherAppDemoUITests.swift */; };
		6EE1675B27C4B5AC00444699 /* MyWeatherAppDemoUITestsLaunchTests.swift in Sources */ = {isa = PBXBuildFile; fileRef = 6EE1675A27C4B5AC00444699 /* MyWeatherAppDemoUITestsLaunchTests.swift */; };
		6EE1676B27C4C03400444699 /* WeatherTableViewCell.swift in Sources */ = {isa = PBXBuildFile; fileRef = 6EE1676927C4C03400444699 /* WeatherTableViewCell.swift */; };
		6EE1676C27C4C03400444699 /* WeatherTableViewCell.xib in Resources */ = {isa = PBXBuildFile; fileRef = 6EE1676A27C4C03400444699 /* WeatherTableViewCell.xib */; };
		6EE1676F27C4C05C00444699 /* HourlyTableViewCell.swift in Sources */ = {isa = PBXBuildFile; fileRef = 6EE1676D27C4C05C00444699 /* HourlyTableViewCell.swift */; };
		6EE1677027C4C05C00444699 /* HourlyTableViewCell.xib in Resources */ = {isa = PBXBuildFile; fileRef = 6EE1676E27C4C05C00444699 /* HourlyTableViewCell.xib */; };
/* End PBXBuildFile section */

/* Begin PBXContainerItemProxy section */
		6EE1674B27C4B5AC00444699 /* PBXContainerItemProxy */ = {
			isa = PBXContainerItemProxy;
			containerPortal = 6EE1672927C4B5A900444699 /* Project object */;
			proxyType = 1;
			remoteGlobalIDString = 6EE1673027C4B5A900444699;
			remoteInfo = MyWeatherAppDemo;
		};
		6EE1675527C4B5AC00444699 /* PBXContainerItemProxy */ = {
			isa = PBXContainerItemProxy;
			containerPortal = 6EE1672927C4B5A900444699 /* Project object */;
			proxyType = 1;
			remoteGlobalIDString = 6EE1673027C4B5A900444699;
			remoteInfo = MyWeatherAppDemo;
		};
/* End PBXContainerItemProxy section */

/* Begin PBXFileReference section */
		6E49022A27C93E3D0008F177 /* Weather.swift */ = {isa = PBXFileReference; lastKnownFileType = sourcecode.swift; path = Weather.swift; sourceTree = "<group>"; };
		6EE1673127C4B5A900444699 /* MyWeatherAppDemo.app */ = {isa = PBXFileReference; explicitFileType = wrapper.application; includeInIndex = 0; path = MyWeatherAppDemo.app; sourceTree = BUILT_PRODUCTS_DIR; };
		6EE1673427C4B5A900444699 /* AppDelegate.swift */ = {isa = PBXFileReference; lastKnownFileType = sourcecode.swift; path = AppDelegate.swift; sourceTree = "<group>"; };
		6EE1673627C4B5A900444699 /* SceneDelegate.swift */ = {isa = PBXFileReference; lastKnownFileType = sourcecode.swift; path = SceneDelegate.swift; sourceTree = "<group>"; };
		6EE1673827C4B5A900444699 /* ViewController.swift */ = {isa = PBXFileReference; lastKnownFileType = sourcecode.swift; path = ViewController.swift; sourceTree = "<group>"; };
		6EE1673B27C4B5A900444699 /* Base */ = {isa = PBXFileReference; lastKnownFileType = file.storyboard; name = Base; path = Base.lproj/Main.storyboard; sourceTree = "<group>"; };
		6EE1673E27C4B5A900444699 /* MyWeatherAppDemo.xcdatamodel */ = {isa = PBXFileReference; lastKnownFileType = wrapper.xcdatamodel; path = MyWeatherAppDemo.xcdatamodel; sourceTree = "<group>"; };
		6EE1674027C4B5AB00444699 /* Assets.xcassets */ = {isa = PBXFileReference; lastKnownFileType = folder.assetcatalog; path = Assets.xcassets; sourceTree = "<group>"; };
		6EE1674327C4B5AB00444699 /* Base */ = {isa = PBXFileReference; lastKnownFileType = file.storyboard; name = Base; path = Base.lproj/LaunchScreen.storyboard; sourceTree = "<group>"; };
		6EE1674527C4B5AB00444699 /* Info.plist */ = {isa = PBXFileReference; lastKnownFileType = text.plist.xml; path = Info.plist; sourceTree = "<group>"; };
		6EE1674A27C4B5AC00444699 /* MyWeatherAppDemoTests.xctest */ = {isa = PBXFileReference; explicitFileType = wrapper.cfbundle; includeInIndex = 0; path = MyWeatherAppDemoTests.xctest; sourceTree = BUILT_PRODUCTS_DIR; };
		6EE1674E27C4B5AC00444699 /* MyWeatherAppDemoTests.swift */ = {isa = PBXFileReference; lastKnownFileType = sourcecode.swift; path = MyWeatherAppDemoTests.swift; sourceTree = "<group>"; };
		6EE1675427C4B5AC00444699 /* MyWeatherAppDemoUITests.xctest */ = {isa = PBXFileReference; explicitFileType = wrapper.cfbundle; includeInIndex = 0; path = MyWeatherAppDemoUITests.xctest; sourceTree = BUILT_PRODUCTS_DIR; };
		6EE1675827C4B5AC00444699 /* MyWeatherAppDemoUITests.swift */ = {isa = PBXFileReference; lastKnownFileType = sourcecode.swift; path = MyWeatherAppDemoUITests.swift; sourceTree = "<group>"; };
		6EE1675A27C4B5AC00444699 /* MyWeatherAppDemoUITestsLaunchTests.swift */ = {isa = PBXFileReference; lastKnownFileType = sourcecode.swift; path = MyWeatherAppDemoUITestsLaunchTests.swift; sourceTree = "<group>"; };
		6EE1676927C4C03400444699 /* WeatherTableViewCell.swift */ = {isa = PBXFileReference; lastKnownFileType = sourcecode.swift; path = WeatherTableViewCell.swift; sourceTree = "<group>"; };
		6EE1676A27C4C03400444699 /* WeatherTableViewCell.xib */ = {isa = PBXFileReference; lastKnownFileType = file.xib; path = WeatherTableViewCell.xib; sourceTree = "<group>"; };
		6EE1676D27C4C05C00444699 /* HourlyTableViewCell.swift */ = {isa = PBXFileReference; lastKnownFileType = sourcecode.swift; path = HourlyTableViewCell.swift; sourceTree = "<group>"; };
		6EE1676E27C4C05C00444699 /* HourlyTableViewCell.xib */ = {isa = PBXFileReference; lastKnownFileType = file.xib; path = HourlyTableViewCell.xib; sourceTree = "<group>"; };
/* End PBXFileReference section */

/* Begin PBXFrameworksBuildPhase section */
		6EE1672E27C4B5A900444699 /* Frameworks */ = {
			isa = PBXFrameworksBuildPhase;
			buildActionMask = 2147483647;
			files = (
			);
			runOnlyForDeploymentPostprocessing = 0;
		};
		6EE1674727C4B5AC00444699 /* Frameworks */ = {
			isa = PBXFrameworksBuildPhase;
			buildActionMask = 2147483647;
			files = (
			);
			runOnlyForDeploymentPostprocessing = 0;
		};
		6EE1675127C4B5AC00444699 /* Frameworks */ = {
			isa = PBXFrameworksBuildPhase;
			buildActionMask = 2147483647;
			files = (
			);
			runOnlyForDeploymentPostprocessing = 0;
		};
/* End PBXFrameworksBuildPhase section */

/* Begin PBXGroup section */
		6E49022927C93DFF0008F177 /* Model */ = {
			isa = PBXGroup;
			children = (
				6E49022A27C93E3D0008F177 /* Weather.swift */,
			);
			path = Model;
			sourceTree = "<group>";
		};
		6E49022C27C93E770008F177 /* View Controllers */ = {
			isa = PBXGroup;
			children = (
				6EE1673827C4B5A900444699 /* ViewController.swift */,
			);
			path = "View Controllers";
			sourceTree = "<group>";
		};
		6EE1672827C4B5A900444699 = {
			isa = PBXGroup;
			children = (
				6EE1673327C4B5A900444699 /* MyWeatherAppDemo */,
				6EE1674D27C4B5AC00444699 /* MyWeatherAppDemoTests */,
				6EE1675727C4B5AC00444699 /* MyWeatherAppDemoUITests */,
				6EE1673227C4B5A900444699 /* Products */,
			);
			sourceTree = "<group>";
		};
		6EE1673227C4B5A900444699 /* Products */ = {
			isa = PBXGroup;
			children = (
				6EE1673127C4B5A900444699 /* MyWeatherAppDemo.app */,
				6EE1674A27C4B5AC00444699 /* MyWeatherAppDemoTests.xctest */,
				6EE1675427C4B5AC00444699 /* MyWeatherAppDemoUITests.xctest */,
			);
			name = Products;
			sourceTree = "<group>";
		};
		6EE1673327C4B5A900444699 /* MyWeatherAppDemo */ = {
			isa = PBXGroup;
			children = (
				6E49022C27C93E770008F177 /* View Controllers */,
				6E49022927C93DFF0008F177 /* Model */,
				6EE1676827C4BFA300444699 /* HourlyCollectionCell */,
				6EE1676727C4BF7A00444699 /* WeatherCell */,
				6EE1673427C4B5A900444699 /* AppDelegate.swift */,
				6EE1673627C4B5A900444699 /* SceneDelegate.swift */,
				6EE1673A27C4B5A900444699 /* Main.storyboard */,
				6EE1674027C4B5AB00444699 /* Assets.xcassets */,
				6EE1674527C4B5AB00444699 /* Info.plist */,
				6EE1674227C4B5AB00444699 /* LaunchScreen.storyboard */,
				6EE1673D27C4B5A900444699 /* MyWeatherAppDemo.xcdatamodeld */,
			);
			path = MyWeatherAppDemo;
			sourceTree = "<group>";
		};
		6EE1674D27C4B5AC00444699 /* MyWeatherAppDemoTests */ = {
			isa = PBXGroup;
			children = (
				6EE1674E27C4B5AC00444699 /* MyWeatherAppDemoTests.swift */,
			);
			path = MyWeatherAppDemoTests;
			sourceTree = "<group>";
		};
		6EE1675727C4B5AC00444699 /* MyWeatherAppDemoUITests */ = {
			isa = PBXGroup;
			children = (
				6EE1675827C4B5AC00444699 /* MyWeatherAppDemoUITests.swift */,
				6EE1675A27C4B5AC00444699 /* MyWeatherAppDemoUITestsLaunchTests.swift */,
			);
			path = MyWeatherAppDemoUITests;
			sourceTree = "<group>";
		};
		6EE1676727C4BF7A00444699 /* WeatherCell */ = {
			isa = PBXGroup;
			children = (
				6EE1676927C4C03400444699 /* WeatherTableViewCell.swift */,
				6EE1676A27C4C03400444699 /* WeatherTableViewCell.xib */,
			);
			path = WeatherCell;
			sourceTree = "<group>";
		};
		6EE1676827C4BFA300444699 /* HourlyCollectionCell */ = {
			isa = PBXGroup;
			children = (
				6EE1676D27C4C05C00444699 /* HourlyTableViewCell.swift */,
				6EE1676E27C4C05C00444699 /* HourlyTableViewCell.xib */,
			);
			path = HourlyCollectionCell;
			sourceTree = "<group>";
		};
/* End PBXGroup section */

/* Begin PBXNativeTarget section */
		6EE1673027C4B5A900444699 /* MyWeatherAppDemo */ = {
			isa = PBXNativeTarget;
			buildConfigurationList = 6EE1675E27C4B5AC00444699 /* Build configuration list for PBXNativeTarget "MyWeatherAppDemo" */;
			buildPhases = (
				6EE1672D27C4B5A900444699 /* Sources */,
				6EE1672E27C4B5A900444699 /* Frameworks */,
				6EE1672F27C4B5A900444699 /* Resources */,
			);
			buildRules = (
			);
			dependencies = (
			);
			name = MyWeatherAppDemo;
			productName = MyWeatherAppDemo;
			productReference = 6EE1673127C4B5A900444699 /* MyWeatherAppDemo.app */;
			productType = "com.apple.product-type.application";
		};
		6EE1674927C4B5AC00444699 /* MyWeatherAppDemoTests */ = {
			isa = PBXNativeTarget;
			buildConfigurationList = 6EE1676127C4B5AC00444699 /* Build configuration list for PBXNativeTarget "MyWeatherAppDemoTests" */;
			buildPhases = (
				6EE1674627C4B5AC00444699 /* Sources */,
				6EE1674727C4B5AC00444699 /* Frameworks */,
				6EE1674827C4B5AC00444699 /* Resources */,
			);
			buildRules = (
			);
			dependencies = (
				6EE1674C27C4B5AC00444699 /* PBXTargetDependency */,
			);
			name = MyWeatherAppDemoTests;
			productName = MyWeatherAppDemoTests;
			productReference = 6EE1674A27C4B5AC00444699 /* MyWeatherAppDemoTests.xctest */;
			productType = "com.apple.product-type.bundle.unit-test";
		};
		6EE1675327C4B5AC00444699 /* MyWeatherAppDemoUITests */ = {
			isa = PBXNativeTarget;
			buildConfigurationList = 6EE1676427C4B5AC00444699 /* Build configuration list for PBXNativeTarget "MyWeatherAppDemoUITests" */;
			buildPhases = (
				6EE1675027C4B5AC00444699 /* Sources */,
				6EE1675127C4B5AC00444699 /* Frameworks */,
				6EE1675227C4B5AC00444699 /* Resources */,
			);
			buildRules = (
			);
			dependencies = (
				6EE1675627C4B5AC00444699 /* PBXTargetDependency */,
			);
			name = MyWeatherAppDemoUITests;
			productName = MyWeatherAppDemoUITests;
			productReference = 6EE1675427C4B5AC00444699 /* MyWeatherAppDemoUITests.xctest */;
			productType = "com.apple.product-type.bundle.ui-testing";
		};
/* End PBXNativeTarget section */

/* Begin PBXProject section */
		6EE1672927C4B5A900444699 /* Project object */ = {
			isa = PBXProject;
			attributes = {
				BuildIndependentTargetsInParallel = 1;
				LastSwiftUpdateCheck = 1310;
				LastUpgradeCheck = 1310;
				TargetAttributes = {
					6EE1673027C4B5A900444699 = {
						CreatedOnToolsVersion = 13.1;
					};
					6EE1674927C4B5AC00444699 = {
						CreatedOnToolsVersion = 13.1;
						TestTargetID = 6EE1673027C4B5A900444699;
					};
					6EE1675327C4B5AC00444699 = {
						CreatedOnToolsVersion = 13.1;
						TestTargetID = 6EE1673027C4B5A900444699;
					};
				};
			};
			buildConfigurationList = 6EE1672C27C4B5A900444699 /* Build configuration list for PBXProject "MyWeatherAppDemo" */;
			compatibilityVersion = "Xcode 13.0";
			developmentRegion = en;
			hasScannedForEncodings = 0;
			knownRegions = (
				en,
				Base,
			);
			mainGroup = 6EE1672827C4B5A900444699;
			productRefGroup = 6EE1673227C4B5A900444699 /* Products */;
			projectDirPath = "";
			projectRoot = "";
			targets = (
				6EE1673027C4B5A900444699 /* MyWeatherAppDemo */,
				6EE1674927C4B5AC00444699 /* MyWeatherAppDemoTests */,
				6EE1675327C4B5AC00444699 /* MyWeatherAppDemoUITests */,
			);
		};
/* End PBXProject section */

/* Begin PBXResourcesBuildPhase section */
		6EE1672F27C4B5A900444699 /* Resources */ = {
			isa = PBXResourcesBuildPhase;
			buildActionMask = 2147483647;
			files = (
				6EE1676C27C4C03400444699 /* WeatherTableViewCell.xib in Resources */,
				6EE1677027C4C05C00444699 /* HourlyTableViewCell.xib in Resources */,
				6EE1674427C4B5AB00444699 /* LaunchScreen.storyboard in Resources */,
				6EE1674127C4B5AB00444699 /* Assets.xcassets in Resources */,
				6EE1673C27C4B5A900444699 /* Main.storyboard in Resources */,
			);
			runOnlyForDeploymentPostprocessing = 0;
		};
		6EE1674827C4B5AC00444699 /* Resources */ = {
			isa = PBXResourcesBuildPhase;
			buildActionMask = 2147483647;
			files = (
			);
			runOnlyForDeploymentPostprocessing = 0;
		};
		6EE1675227C4B5AC00444699 /* Resources */ = {
			isa = PBXResourcesBuildPhase;
			buildActionMask = 2147483647;
			files = (
			);
			runOnlyForDeploymentPostprocessing = 0;
		};
/* End PBXResourcesBuildPhase section */

/* Begin PBXSourcesBuildPhase section */
		6EE1672D27C4B5A900444699 /* Sources */ = {
			isa = PBXSourcesBuildPhase;
			buildActionMask = 2147483647;
			files = (
				6EE1676B27C4C03400444699 /* WeatherTableViewCell.swift in Sources */,
				6EE1673927C4B5A900444699 /* ViewController.swift in Sources */,
				6EE1673F27C4B5A900444699 /* MyWeatherAppDemo.xcdatamodeld in Sources */,
				6EE1673527C4B5A900444699 /* AppDelegate.swift in Sources */,
				6EE1676F27C4C05C00444699 /* HourlyTableViewCell.swift in Sources */,
				6EE1673727C4B5A900444699 /* SceneDelegate.swift in Sources */,
				6E49022B27C93E3D0008F177 /* Weather.swift in Sources */,
			);
			runOnlyForDeploymentPostprocessing = 0;
		};
		6EE1674627C4B5AC00444699 /* Sources */ = {
			isa = PBXSourcesBuildPhase;
			buildActionMask = 2147483647;
			files = (
				6EE1674F27C4B5AC00444699 /* MyWeatherAppDemoTests.swift in Sources */,
			);
			runOnlyForDeploymentPostprocessing = 0;
		};
		6EE1675027C4B5AC00444699 /* Sources */ = {
			isa = PBXSourcesBuildPhase;
			buildActionMask = 2147483647;
			files = (
				6EE1675B27C4B5AC00444699 /* MyWeatherAppDemoUITestsLaunchTests.swift in Sources */,
				6EE1675927C4B5AC00444699 /* MyWeatherAppDemoUITests.swift in Sources */,
			);
			runOnlyForDeploymentPostprocessing = 0;
		};
/* End PBXSourcesBuildPhase section */

/* Begin PBXTargetDependency section */
		6EE1674C27C4B5AC00444699 /* PBXTargetDependency */ = {
			isa = PBXTargetDependency;
			target = 6EE1673027C4B5A900444699 /* MyWeatherAppDemo */;
			targetProxy = 6EE1674B27C4B5AC00444699 /* PBXContainerItemProxy */;
		};
		6EE1675627C4B5AC00444699 /* PBXTargetDependency */ = {
			isa = PBXTargetDependency;
			target = 6EE1673027C4B5A900444699 /* MyWeatherAppDemo */;
			targetProxy = 6EE1675527C4B5AC00444699 /* PBXContainerItemProxy */;
		};
/* End PBXTargetDependency section */

/* Begin PBXVariantGroup section */
		6EE1673A27C4B5A900444699 /* Main.storyboard */ = {
			isa = PBXVariantGroup;
			children = (
				6EE1673B27C4B5A900444699 /* Base */,
			);
			name = Main.storyboard;
			sourceTree = "<group>";
		};
		6EE1674227C4B5AB00444699 /* LaunchScreen.storyboard */ = {
			isa = PBXVariantGroup;
			children = (
				6EE1674327C4B5AB00444699 /* Base */,
			);
			name = LaunchScreen.storyboard;
			sourceTree = "<group>";
		};
/* End PBXVariantGroup section */

/* Begin XCBuildConfiguration section */
		6EE1675C27C4B5AC00444699 /* Debug */ = {
			isa = XCBuildConfiguration;
			buildSettings = {
				ALWAYS_SEARCH_USER_PATHS = NO;
				CLANG_ANALYZER_NONNULL = YES;
				CLANG_ANALYZER_NUMBER_OBJECT_CONVERSION = YES_AGGRESSIVE;
				CLANG_CXX_LANGUAGE_STANDARD = "gnu++17";
				CLANG_CXX_LIBRARY = "libc++";
				CLANG_ENABLE_MODULES = YES;
				CLANG_ENABLE_OBJC_ARC = YES;
				CLANG_ENABLE_OBJC_WEAK = YES;
				CLANG_WARN_BLOCK_CAPTURE_AUTORELEASING = YES;
				CLANG_WARN_BOOL_CONVERSION = YES;
				CLANG_WARN_COMMA = YES;
				CLANG_WARN_CONSTANT_CONVERSION = YES;
				CLANG_WARN_DEPRECATED_OBJC_IMPLEMENTATIONS = YES;
				CLANG_WARN_DIRECT_OBJC_ISA_USAGE = YES_ERROR;
				CLANG_WARN_DOCUMENTATION_COMMENTS = YES;
				CLANG_WARN_EMPTY_BODY = YES;
				CLANG_WARN_ENUM_CONVERSION = YES;
				CLANG_WARN_INFINITE_RECURSION = YES;
				CLANG_WARN_INT_CONVERSION = YES;
				CLANG_WARN_NON_LITERAL_NULL_CONVERSION = YES;
				CLANG_WARN_OBJC_IMPLICIT_RETAIN_SELF = YES;
				CLANG_WARN_OBJC_LITERAL_CONVERSION = YES;
				CLANG_WARN_OBJC_ROOT_CLASS = YES_ERROR;
				CLANG_WARN_QUOTED_INCLUDE_IN_FRAMEWORK_HEADER = YES;
				CLANG_WARN_RANGE_LOOP_ANALYSIS = YES;
				CLANG_WARN_STRICT_PROTOTYPES = YES;
				CLANG_WARN_SUSPICIOUS_MOVE = YES;
				CLANG_WARN_UNGUARDED_AVAILABILITY = YES_AGGRESSIVE;
				CLANG_WARN_UNREACHABLE_CODE = YES;
				CLANG_WARN__DUPLICATE_METHOD_MATCH = YES;
				COPY_PHASE_STRIP = NO;
				DEBUG_INFORMATION_FORMAT = dwarf;
				ENABLE_STRICT_OBJC_MSGSEND = YES;
				ENABLE_TESTABILITY = YES;
				GCC_C_LANGUAGE_STANDARD = gnu11;
				GCC_DYNAMIC_NO_PIC = NO;
				GCC_NO_COMMON_BLOCKS = YES;
				GCC_OPTIMIZATION_LEVEL = 0;
				GCC_PREPROCESSOR_DEFINITIONS = (
					"DEBUG=1",
					"$(inherited)",
				);
				GCC_WARN_64_TO_32_BIT_CONVERSION = YES;
				GCC_WARN_ABOUT_RETURN_TYPE = YES_ERROR;
				GCC_WARN_UNDECLARED_SELECTOR = YES;
				GCC_WARN_UNINITIALIZED_AUTOS = YES_AGGRESSIVE;
				GCC_WARN_UNUSED_FUNCTION = YES;
				GCC_WARN_UNUSED_VARIABLE = YES;
				IPHONEOS_DEPLOYMENT_TARGET = 15.0;
				MTL_ENABLE_DEBUG_INFO = INCLUDE_SOURCE;
				MTL_FAST_MATH = YES;
				ONLY_ACTIVE_ARCH = YES;
				SDKROOT = iphoneos;
				SWIFT_ACTIVE_COMPILATION_CONDITIONS = DEBUG;
				SWIFT_OPTIMIZATION_LEVEL = "-Onone";
			};
			name = Debug;
		};
		6EE1675D27C4B5AC00444699 /* Release */ = {
			isa = XCBuildConfiguration;
			buildSettings = {
				ALWAYS_SEARCH_USER_PATHS = NO;
				CLANG_ANALYZER_NONNULL = YES;
				CLANG_ANALYZER_NUMBER_OBJECT_CONVERSION = YES_AGGRESSIVE;
				CLANG_CXX_LANGUAGE_STANDARD = "gnu++17";
				CLANG_CXX_LIBRARY = "libc++";
				CLANG_ENABLE_MODULES = YES;
				CLANG_ENABLE_OBJC_ARC = YES;
				CLANG_ENABLE_OBJC_WEAK = YES;
				CLANG_WARN_BLOCK_CAPTURE_AUTORELEASING = YES;
				CLANG_WARN_BOOL_CONVERSION = YES;
				CLANG_WARN_COMMA = YES;
				CLANG_WARN_CONSTANT_CONVERSION = YES;
				CLANG_WARN_DEPRECATED_OBJC_IMPLEMENTATIONS = YES;
				CLANG_WARN_DIRECT_OBJC_ISA_USAGE = YES_ERROR;
				CLANG_WARN_DOCUMENTATION_COMMENTS = YES;
				CLANG_WARN_EMPTY_BODY = YES;
				CLANG_WARN_ENUM_CONVERSION = YES;
				CLANG_WARN_INFINITE_RECURSION = YES;
				CLANG_WARN_INT_CONVERSION = YES;
				CLANG_WARN_NON_LITERAL_NULL_CONVERSION = YES;
				CLANG_WARN_OBJC_IMPLICIT_RETAIN_SELF = YES;
				CLANG_WARN_OBJC_LITERAL_CONVERSION = YES;
				CLANG_WARN_OBJC_ROOT_CLASS = YES_ERROR;
				CLANG_WARN_QUOTED_INCLUDE_IN_FRAMEWORK_HEADER = YES;
				CLANG_WARN_RANGE_LOOP_ANALYSIS = YES;
				CLANG_WARN_STRICT_PROTOTYPES = YES;
				CLANG_WARN_SUSPICIOUS_MOVE = YES;
				CLANG_WARN_UNGUARDED_AVAILABILITY = YES_AGGRESSIVE;
				CLANG_WARN_UNREACHABLE_CODE = YES;
				CLANG_WARN__DUPLICATE_METHOD_MATCH = YES;
				COPY_PHASE_STRIP = NO;
				DEBUG_INFORMATION_FORMAT = "dwarf-with-dsym";
				ENABLE_NS_ASSERTIONS = NO;
				ENABLE_STRICT_OBJC_MSGSEND = YES;
				GCC_C_LANGUAGE_STANDARD = gnu11;
				GCC_NO_COMMON_BLOCKS = YES;
				GCC_WARN_64_TO_32_BIT_CONVERSION = YES;
				GCC_WARN_ABOUT_RETURN_TYPE = YES_ERROR;
				GCC_WARN_UNDECLARED_SELECTOR = YES;
				GCC_WARN_UNINITIALIZED_AUTOS = YES_AGGRESSIVE;
				GCC_WARN_UNUSED_FUNCTION = YES;
				GCC_WARN_UNUSED_VARIABLE = YES;
				IPHONEOS_DEPLOYMENT_TARGET = 15.0;
				MTL_ENABLE_DEBUG_INFO = NO;
				MTL_FAST_MATH = YES;
				SDKROOT = iphoneos;
				SWIFT_COMPILATION_MODE = wholemodule;
				SWIFT_OPTIMIZATION_LEVEL = "-O";
				VALIDATE_PRODUCT = YES;
			};
			name = Release;
		};
		6EE1675F27C4B5AC00444699 /* Debug */ = {
			isa = XCBuildConfiguration;
			buildSettings = {
				ASSETCATALOG_COMPILER_APPICON_NAME = AppIcon;
				ASSETCATALOG_COMPILER_GLOBAL_ACCENT_COLOR_NAME = AccentColor;
				CODE_SIGN_STYLE = Automatic;
				CURRENT_PROJECT_VERSION = 1;
				DEVELOPMENT_TEAM = 8QP66FKLNC;
				GENERATE_INFOPLIST_FILE = YES;
				INFOPLIST_FILE = MyWeatherAppDemo/Info.plist;
				INFOPLIST_KEY_NSLocationAlwaysAndWhenInUseUsageDescription = "";
				INFOPLIST_KEY_NSLocationWhenInUseUsageDescription = "Please allow location to see local weather";
				INFOPLIST_KEY_UIApplicationSupportsIndirectInputEvents = YES;
				INFOPLIST_KEY_UILaunchStoryboardName = LaunchScreen;
				INFOPLIST_KEY_UIMainStoryboardFile = Main;
				INFOPLIST_KEY_UIRequiredDeviceCapabilities = "\"\"";
				INFOPLIST_KEY_UISupportedInterfaceOrientations = UIInterfaceOrientationPortrait;
				INFOPLIST_KEY_UISupportedInterfaceOrientations_iPad = UIInterfaceOrientationPortrait;
				INFOPLIST_KEY_UISupportedInterfaceOrientations_iPhone = "UIInterfaceOrientationPortrait UIInterfaceOrientationLandscapeLeft UIInterfaceOrientationLandscapeRight";
				LD_RUNPATH_SEARCH_PATHS = (
					"$(inherited)",
					"@executable_path/Frameworks",
				);
				MARKETING_VERSION = 1.0;
				PRODUCT_BUNDLE_IDENTIFIER = MT.MyWeatherAppDemo;
				PRODUCT_NAME = "$(TARGET_NAME)";
				SWIFT_EMIT_LOC_STRINGS = YES;
				SWIFT_VERSION = 5.0;
				TARGETED_DEVICE_FAMILY = "1,2";
			};
			name = Debug;
		};
		6EE1676027C4B5AC00444699 /* Release */ = {
			isa = XCBuildConfiguration;
			buildSettings = {
				ASSETCATALOG_COMPILER_APPICON_NAME = AppIcon;
				ASSETCATALOG_COMPILER_GLOBAL_ACCENT_COLOR_NAME = AccentColor;
				CODE_SIGN_STYLE = Automatic;
				CURRENT_PROJECT_VERSION = 1;
				DEVELOPMENT_TEAM = 8QP66FKLNC;
				GENERATE_INFOPLIST_FILE = YES;
				INFOPLIST_FILE = MyWeatherAppDemo/Info.plist;
				INFOPLIST_KEY_NSLocationAlwaysAndWhenInUseUsageDescription = "";
				INFOPLIST_KEY_NSLocationWhenInUseUsageDescription = "Please allow location to see local weather";
				INFOPLIST_KEY_UIApplicationSupportsIndirectInputEvents = YES;
				INFOPLIST_KEY_UILaunchStoryboardName = LaunchScreen;
				INFOPLIST_KEY_UIMainStoryboardFile = Main;
				INFOPLIST_KEY_UIRequiredDeviceCapabilities = "\"\"";
				INFOPLIST_KEY_UISupportedInterfaceOrientations = UIInterfaceOrientationPortrait;
				INFOPLIST_KEY_UISupportedInterfaceOrientations_iPad = UIInterfaceOrientationPortrait;
				INFOPLIST_KEY_UISupportedInterfaceOrientations_iPhone = "UIInterfaceOrientationPortrait UIInterfaceOrientationLandscapeLeft UIInterfaceOrientationLandscapeRight";
				LD_RUNPATH_SEARCH_PATHS = (
					"$(inherited)",
					"@executable_path/Frameworks",
				);
				MARKETING_VERSION = 1.0;
				PRODUCT_BUNDLE_IDENTIFIER = MT.MyWeatherAppDemo;
				PRODUCT_NAME = "$(TARGET_NAME)";
				SWIFT_EMIT_LOC_STRINGS = YES;
				SWIFT_VERSION = 5.0;
				TARGETED_DEVICE_FAMILY = "1,2";
			};
			name = Release;
		};
		6EE1676227C4B5AC00444699 /* Debug */ = {
			isa = XCBuildConfiguration;
			buildSettings = {
				ALWAYS_EMBED_SWIFT_STANDARD_LIBRARIES = YES;
				BUNDLE_LOADER = "$(TEST_HOST)";
				CODE_SIGN_STYLE = Automatic;
				CURRENT_PROJECT_VERSION = 1;
				GENERATE_INFOPLIST_FILE = YES;
				IPHONEOS_DEPLOYMENT_TARGET = 15.0;
				LD_RUNPATH_SEARCH_PATHS = (
					"$(inherited)",
					"@executable_path/Frameworks",
					"@loader_path/Frameworks",
				);
				MARKETING_VERSION = 1.0;
				PRODUCT_BUNDLE_IDENTIFIER = MT.MyWeatherAppDemoTests;
				PRODUCT_NAME = "$(TARGET_NAME)";
				SWIFT_EMIT_LOC_STRINGS = NO;
				SWIFT_VERSION = 5.0;
				TARGETED_DEVICE_FAMILY = "1,2";
				TEST_HOST = "$(BUILT_PRODUCTS_DIR)/MyWeatherAppDemo.app/MyWeatherAppDemo";
			};
			name = Debug;
		};
		6EE1676327C4B5AC00444699 /* Release */ = {
			isa = XCBuildConfiguration;
			buildSettings = {
				ALWAYS_EMBED_SWIFT_STANDARD_LIBRARIES = YES;
				BUNDLE_LOADER = "$(TEST_HOST)";
				CODE_SIGN_STYLE = Automatic;
				CURRENT_PROJECT_VERSION = 1;
				GENERATE_INFOPLIST_FILE = YES;
				IPHONEOS_DEPLOYMENT_TARGET = 15.0;
				LD_RUNPATH_SEARCH_PATHS = (
					"$(inherited)",
					"@executable_path/Frameworks",
					"@loader_path/Frameworks",
				);
				MARKETING_VERSION = 1.0;
				PRODUCT_BUNDLE_IDENTIFIER = MT.MyWeatherAppDemoTests;
				PRODUCT_NAME = "$(TARGET_NAME)";
				SWIFT_EMIT_LOC_STRINGS = NO;
				SWIFT_VERSION = 5.0;
				TARGETED_DEVICE_FAMILY = "1,2";
				TEST_HOST = "$(BUILT_PRODUCTS_DIR)/MyWeatherAppDemo.app/MyWeatherAppDemo";
			};
			name = Release;
		};
		6EE1676527C4B5AC00444699 /* Debug */ = {
			isa = XCBuildConfiguration;
			buildSettings = {
				ALWAYS_EMBED_SWIFT_STANDARD_LIBRARIES = YES;
				CODE_SIGN_STYLE = Automatic;
				CURRENT_PROJECT_VERSION = 1;
				GENERATE_INFOPLIST_FILE = YES;
				LD_RUNPATH_SEARCH_PATHS = (
					"$(inherited)",
					"@executable_path/Frameworks",
					"@loader_path/Frameworks",
				);
				MARKETING_VERSION = 1.0;
				PRODUCT_BUNDLE_IDENTIFIER = MT.MyWeatherAppDemoUITests;
				PRODUCT_NAME = "$(TARGET_NAME)";
				SWIFT_EMIT_LOC_STRINGS = NO;
				SWIFT_VERSION = 5.0;
				TARGETED_DEVICE_FAMILY = "1,2";
				TEST_TARGET_NAME = MyWeatherAppDemo;
			};
			name = Debug;
		};
		6EE1676627C4B5AC00444699 /* Release */ = {
			isa = XCBuildConfiguration;
			buildSettings = {
				ALWAYS_EMBED_SWIFT_STANDARD_LIBRARIES = YES;
				CODE_SIGN_STYLE = Automatic;
				CURRENT_PROJECT_VERSION = 1;
				GENERATE_INFOPLIST_FILE = YES;
				LD_RUNPATH_SEARCH_PATHS = (
					"$(inherited)",
					"@executable_path/Frameworks",
					"@loader_path/Frameworks",
				);
				MARKETING_VERSION = 1.0;
				PRODUCT_BUNDLE_IDENTIFIER = MT.MyWeatherAppDemoUITests;
				PRODUCT_NAME = "$(TARGET_NAME)";
				SWIFT_EMIT_LOC_STRINGS = NO;
				SWIFT_VERSION = 5.0;
				TARGETED_DEVICE_FAMILY = "1,2";
				TEST_TARGET_NAME = MyWeatherAppDemo;
			};
			name = Release;
		};
/* End XCBuildConfiguration section */

/* Begin XCConfigurationList section */
		6EE1672C27C4B5A900444699 /* Build configuration list for PBXProject "MyWeatherAppDemo" */ = {
			isa = XCConfigurationList;
			buildConfigurations = (
				6EE1675C27C4B5AC00444699 /* Debug */,
				6EE1675D27C4B5AC00444699 /* Release */,
			);
			defaultConfigurationIsVisible = 0;
			defaultConfigurationName = Release;
		};
		6EE1675E27C4B5AC00444699 /* Build configuration list for PBXNativeTarget "MyWeatherAppDemo" */ = {
			isa = XCConfigurationList;
			buildConfigurations = (
				6EE1675F27C4B5AC00444699 /* Debug */,
				6EE1676027C4B5AC00444699 /* Release */,
			);
			defaultConfigurationIsVisible = 0;
			defaultConfigurationName = Release;
		};
		6EE1676127C4B5AC00444699 /* Build configuration list for PBXNativeTarget "MyWeatherAppDemoTests" */ = {
			isa = XCConfigurationList;
			buildConfigurations = (
				6EE1676227C4B5AC00444699 /* Debug */,
				6EE1676327C4B5AC00444699 /* Release */,
			);
			defaultConfigurationIsVisible = 0;
			defaultConfigurationName = Release;
		};
		6EE1676427C4B5AC00444699 /* Build configuration list for PBXNativeTarget "MyWeatherAppDemoUITests" */ = {
			isa = XCConfigurationList;
			buildConfigurations = (
				6EE1676527C4B5AC00444699 /* Debug */,
				6EE1676627C4B5AC00444699 /* Release */,
			);
			defaultConfigurationIsVisible = 0;
			defaultConfigurationName = Release;
		};
/* End XCConfigurationList section */

/* Begin XCVersionGroup section */
		6EE1673D27C4B5A900444699 /* MyWeatherAppDemo.xcdatamodeld */ = {
			isa = XCVersionGroup;
			children = (
				6EE1673E27C4B5A900444699 /* MyWeatherAppDemo.xcdatamodel */,
			);
			currentVersion = 6EE1673E27C4B5A900444699 /* MyWeatherAppDemo.xcdatamodel */;
			path = MyWeatherAppDemo.xcdatamodeld;
			sourceTree = "<group>";
			versionGroupType = wrapper.xcdatamodel;
		};
/* End XCVersionGroup section */
	};
	rootObject = 6EE1672927C4B5A900444699 /* Project object */;
}
